
Microsoft Visual Studio Solution File, Format Version 12.00
# Visual Studio Version 16
VisualStudioVersion = 16.0.31613.86
MinimumVisualStudioVersion = 10.0.40219.1
Project("{8BC9CEB8-8B4A-11D0-8D11-00A0C91BC942}") = "第七章作业", "第七章作业\第七章作业.vcxproj", "{C3F04B75-B8C2-4335-8160-F4478E66C369}"
EndProject
Global
	GlobalSection(SolutionConfigurationPlatforms) = preSolution
		Debug|x64 = Debug|x64
		Debug|x86 = Debug|x86
		Release|x64 = Release|x64
		Release|x86 = Release|x86
	EndGlobalSection
	GlobalSection(ProjectConfigurationPlatforms) = postSolution
		{C3F04B75-B8C2-4335-8160-F4478E66C369}.Debug|x64.ActiveCfg = Debug|x64
		{C3F04B75-B8C2-4335-8160-F4478E66C369}.Debug|x64.Build.0 = Debug|x64
		{C3F04B75-B8C2-4335-8160-F4478E66C369}.Debug|x86.ActiveCfg = Debug|Win32
		{C3F04B75-B8C2-4335-8160-F4478E66C369}.Debug|x86.Build.0 = Debug|Win32
		{C3F04B75-B8C2-4335-8160-F4478E66C369}.Release|x64.ActiveCfg = Release|x64
		{C3F04B75-B8C2-4335-8160-F4478E66C369}.Release|x64.Build.0 = Release|x64
		{C3F04B75-B8C2-4335-8160-F4478E66C369}.Release|x86.ActiveCfg = Release|Win32
		{C3F04B75-B8C2-4335-8160-F4478E66C369}.Release|x86.Build.0 = Release|Win32
	EndGlobalSection
	GlobalSection(SolutionProperties) = preSolution
		HideSolutionNode = FALSE
	EndGlobalSection
	GlobalSection(ExtensibilityGlobals) = postSolution
		SolutionGuid = {5D53C02A-B9EE-4F9B-89C9-1AC68E1F1830}
	EndGlobalSection
EndGlobal
